{
    "_meta": {
        "hash": {
            "sha256": "7243463defc24bdd20dbbe6c2b9253d6de957ffcee3d3e7efa619fcc0930b0d2"
        },
        "pipfile-spec": 6,
        "requires": {
            "python_version": "3.6"
        },
        "sources": [
            {
                "name": "pypi",
                "url": "https://pypi.org/simple",
                "verify_ssl": true
            }
        ]
    },
    "default": {
        "arrow": {
            "hashes": [
                "sha256:3d46d9ecd67765d1e7551e20aa54d1fe93c5fd77d3445aeec2bf8f048670d0b0"
            ],
            "index": "pypi",
            "version": "==0.4.2"
        },
        "attrs": {
            "hashes": [
                "sha256:4b90b09eeeb9b88c35bc642cbac057e45a5fd85367b985bd2809c62b7b939265",
                "sha256:e0d0eb91441a3b53dab4d9b743eafc1ac44476296a2053b6ca3af0b139faf87b"
            ],
            "version": "==18.1.0"
        },
        "beautifulsoup4": {
            "hashes": [
                "sha256:11a9a27b7d3bddc6d86f59fb76afb70e921a25ac2d6cc55b40d072bd68435a76",
                "sha256:7015e76bf32f1f574636c4288399a6de66ce08fb7b2457f628a8d70c0fbabb11",
                "sha256:808b6ac932dccb0a4126558f7dfdcf41710dd44a4ef497a0bb59a77f9f078e89"
            ],
            "version": "==4.6.0"
        },
        "bs4": {
            "hashes": [
                "sha256:36ecea1fd7cc5c0c6e4a1ff075df26d50da647b75376626cc186e2212886dd3a"
            ],
            "index": "pypi",
            "version": "==0.0.1"
        },
        "certifi": {
            "hashes": [
                "sha256:13e698f54293db9f89122b0581843a782ad0934a4fe0172d2a980ba77fc61bb7",
                "sha256:9fa520c1bacfb634fa7af20a76bcbd3d5fb390481724c597da32c719a7dca4b0"
            ],
            "version": "==2018.4.16"
        },
        "chardet": {
            "hashes": [
                "sha256:84ab92ed1c4d4f16916e05906b6b75a6c0fb5db821cc65e70cbd64a3e2a5eaae",
                "sha256:fc323ffcaeaed0e0a02bf4d117757b98aed530d9ed4531e3e15460124c106691"
            ],
            "version": "==3.0.4"
        },
        "clize": {
            "hashes": [
                "sha256:cc41ce676a07111704059d9b4d70fba11506a4584d25878be3aa31e4d7c0ca1b",
                "sha256:dbcfba5571dc30aaf90dc98fc279e2aab69d0f8f3665fc0394fbc10a87a2be60"
            ],
            "index": "pypi",
            "version": "==4.0.3"
        },
        "docutils": {
            "hashes": [
                "sha256:02aec4bd92ab067f6ff27a38a38a41173bf01bed8f89157768c1573f53e474a6",
                "sha256:51e64ef2ebfb29cae1faa133b3710143496eca21c530f3f71424d77687764274",
                "sha256:7a4bd47eaf6596e1295ecb11361139febe29b084a87bf005bf899f9a42edc3c6"
            ],
            "version": "==0.14"
        },
        "ics": {
            "hashes": [
                "sha256:38406ceffb16094db20c2153f5d43745be4cae513e41f61604e516e847855938",
                "sha256:694ce925cbd30e6a74a7eac2a37b2caa8ee5efdf2d4961330f2be9f547eec2ae",
                "sha256:c44c04bfd63087cec98c7802f21ac634e8ab61b2c66fc0b682a8a9b29b87a2dd",
                "sha256:e8901b2b010ac6ced817e09f7842340428355ed879da5b6d8a582b6d29a08d5e"
            ],
            "index": "pypi",
            "version": "==0.3.1"
        },
        "idna": {
            "hashes": [
                "sha256:2c6a5de3089009e3da7c5dde64a141dbc8551d5b7f6cf4ed7c2568d0cc520a8f",
                "sha256:8c7309c718f94b3a625cb648ace320157ad16ff131ae0af362c9f21b80ef6ec4"
            ],
            "version": "==2.6"
        },
        "od": {
            "hashes": [
                "sha256:52d4c8dafbb274abc41e8ca4507f6fd3718d6a26dc449cb9bfb700adc43e1154",
                "sha256:d1c94cd3af5fdb13ca27c4d3e1601c77028f36bbba9e78c324daf0c1ac06e3ab"
            ],
            "version": "==1.0"
        },
        "pipetools": {
            "hashes": [
                "sha256:68ed3457198c91a62a74c2a98e3ac1e3da519351c573c6c631cf43e992107e80"
            ],
            "index": "pypi",
            "version": "==0.3.1"
        },
        "python-dateutil": {
            "hashes": [
                "sha256:1adb80e7a782c12e52ef9a8182bebeb73f1d7e24e374397af06fb4956c8dc5c0",
                "sha256:e27001de32f627c22380a688bcc43ce83504a7bc5da472209b4c70f02829f0b8"
            ],
            "version": "==2.7.3"
        },
        "requests": {
            "hashes": [
                "sha256:6a1b267aa90cac58ac3a765d067950e7dbbf75b1da07e895d1f594193a40a38b",
                "sha256:9c443e7324ba5b85070c4a818ade28bfabedf16ea10206da1132edaa6dda237e"
            ],
            "index": "pypi",
            "version": "==2.18.4"
        },
        "requests-cache": {
            "hashes": [
                "sha256:e9270030becc739b0a7f7f834234c73a878b2d794122bf76f40055a22419eb67",
                "sha256:fe561ca119879bbcfb51f03a35e35b425e18f338248e59fd5cf2166c77f457a2"
            ],
            "index": "pypi",
            "version": "==0.4.13"
        },
        "sigtools": {
            "hashes": [
                "sha256:9bc83e0cc17640aef2101add0a8382030b9a29b0ed90b513f21283c673093855",
                "sha256:a1b6881c7002a4739f7a51d56ab90a145448984a8c7bec295e3f40fac59b1588"
            ],
            "version": "==2.0.1"
        },
        "six": {
            "hashes": [
                "sha256:70e8a77beed4562e7f14fe23a786b54f6296e34344c23bc42f07b15018ff98e9",
                "sha256:832dc0e10feb1aa2c68dcc57dbb658f1c7e65b9b61af69048abc87a2db00a0eb"
            ],
            "version": "==1.11.0"
        },
        "tabulate": {
            "hashes": [
                "sha256:e4ca13f26d0a6be2a2915428dc21e732f1e44dad7f76d7030b2ef1ec251cf7f2"
            ],
            "index": "pypi",
            "version": "==0.8.2"
        },
        "titlecase": {
            "hashes": [
                "sha256:84de7a97fb702c400e5ba11c6b30849944b39db12e20fbf4515a23c7538a0611",
                "sha256:95d643a0c08097c02933aced707adfe1c275c335019e8e514dea782a465c5b84"
            ],
            "index": "pypi",
            "version": "==0.12.0"
        },
        "urllib3": {
            "hashes": [
                "sha256:06330f386d6e4b195fbfc736b297f58c5a892e4440e54d294d7004e3a9bbea1b",
                "sha256:cc44da8e1145637334317feebd728bd869a35285b93cbb4cca2577da7e62db4f"
            ],
            "version": "==1.22"
        }
    },
    "develop": {}
}
